
Microsoft Visual Studio Solution File, Format Version 12.00
# Visual Studio Version 17
VisualStudioVersion = 17.14.36429.23 d17.14
MinimumVisualStudioVersion = 10.0.40219.1
Project("{FAE04EC0-301F-11D3-BF4B-00C04F79EFBC}") = "GodotPageNavigationExample", "GodotPageNavigationExample.csproj", "{2ADCA1AA-6A3D-4177-823A-1417485517C0}"
EndProject
Project("{FAE04EC0-301F-11D3-BF4B-00C04F79EFBC}") = "GodotPageNavigation", "..\GodotPageNavigation\GodotPageNavigation.csproj", "{53E17D7E-203F-4828-A16A-65F5BB7A43BB}"
EndProject
Global
	GlobalSection(SolutionConfigurationPlatforms) = preSolution
		Debug|Any CPU = Debug|Any CPU
		ExportDebug|Any CPU = ExportDebug|Any CPU
		ExportRelease|Any CPU = ExportRelease|Any CPU
	EndGlobalSection
	GlobalSection(ProjectConfigurationPlatforms) = postSolution
		{2ADCA1AA-6A3D-4177-823A-1417485517C0}.Debug|Any CPU.ActiveCfg = Debug|Any CPU
		{2ADCA1AA-6A3D-4177-823A-1417485517C0}.Debug|Any CPU.Build.0 = Debug|Any CPU
		{2ADCA1AA-6A3D-4177-823A-1417485517C0}.ExportDebug|Any CPU.ActiveCfg = ExportDebug|Any CPU
		{2ADCA1AA-6A3D-4177-823A-1417485517C0}.ExportDebug|Any CPU.Build.0 = ExportDebug|Any CPU
		{2ADCA1AA-6A3D-4177-823A-1417485517C0}.ExportRelease|Any CPU.ActiveCfg = ExportRelease|Any CPU
		{2ADCA1AA-6A3D-4177-823A-1417485517C0}.ExportRelease|Any CPU.Build.0 = ExportRelease|Any CPU
		{53E17D7E-203F-4828-A16A-65F5BB7A43BB}.Debug|Any CPU.ActiveCfg = Debug|Any CPU
		{53E17D7E-203F-4828-A16A-65F5BB7A43BB}.Debug|Any CPU.Build.0 = Debug|Any CPU
		{53E17D7E-203F-4828-A16A-65F5BB7A43BB}.ExportDebug|Any CPU.ActiveCfg = Release|Any CPU
		{53E17D7E-203F-4828-A16A-65F5BB7A43BB}.ExportDebug|Any CPU.Build.0 = Release|Any CPU
		{53E17D7E-203F-4828-A16A-65F5BB7A43BB}.ExportRelease|Any CPU.ActiveCfg = Release|Any CPU
		{53E17D7E-203F-4828-A16A-65F5BB7A43BB}.ExportRelease|Any CPU.Build.0 = Release|Any CPU
	EndGlobalSection
	GlobalSection(SolutionProperties) = preSolution
		HideSolutionNode = FALSE
	EndGlobalSection
EndGlobal
